// !$*UTF8*$!
{
	archiveVersion = 1;
	classes = {
	};
	objectVersion = 56;
	objects = {

/* Begin PBXBuildFile section */
		BF12345F2A1B2C3D00E1F2G3 /* CommutaApp.swift in Sources */ = {isa = PBXBuildFile; fileRef = BF12345E2A1B2C3D00E1F2G3 /* CommutaApp.swift */; };
		BF1234612A1B2C3D00E1F2G3 /* ContentView.swift in Sources */ = {isa = PBXBuildFile; fileRef = BF1234602A1B2C3D00E1F2G3 /* ContentView.swift */; };
		BF1234632A1B2C3E00E1F2G3 /* Assets.xcassets in Resources */ = {isa = PBXBuildFile; fileRef = BF1234622A1B2C3E00E1F2G3 /* Assets.xcassets */; };
		BF1234662A1B2C3E00E1F2G3 /* Preview Assets.xcassets in Resources */ = {isa = PBXBuildFile; fileRef = BF1234652A1B2C3E00E1F2G3 /* Preview Assets.xcassets */; };
		BF1234702A1B2C8F00E1F2G3 /* Models.swift in Sources */ = {isa = PBXBuildFile; fileRef = BF12346F2A1B2C8F00E1F2G3 /* Models.swift */; };
		BF1234722A1B2CA100E1F2G3 /* DestinationStore.swift in Sources */ = {isa = PBXBuildFile; fileRef = BF1234712A1B2CA100E1F2G3 /* DestinationStore.swift */; };
		BF1234742A1B2CB300E1F2G3 /* AddDestinationView.swift in Sources */ = {isa = PBXBuildFile; fileRef = BF1234732A1B2CB300E1F2G3 /* AddDestinationView.swift */; };
		BF1234762A1B2CC500E1F2G3 /* DestinationPickerView.swift in Sources */ = {isa = PBXBuildFile; fileRef = BF1234752A1B2CC500E1F2G3 /* DestinationPickerView.swift */; };
		BF1234782A1B2CD700E1F2G3 /* ApiKeys.swift in Sources */ = {isa = PBXBuildFile; fileRef = BF1234772A1B2CD700E1F2G3 /* ApiKeys.swift */; };
/* End PBXBuildFile section */

/* Begin PBXFileReference section */
		BF12345B2A1B2C3D00E1F2G3 /* Commuta.app */ = {isa = PBXFileReference; explicitFileType = wrapper.application; includeInIndex = 0; path = Commuta.app; sourceTree = BUILT_PRODUCTS_DIR; };
		BF12345E2A1B2C3D00E1F2G3 /* CommutaApp.swift */ = {isa = PBXFileReference; lastKnownFileType = sourcecode.swift; path = CommutaApp.swift; sourceTree = "<group>"; };
		BF1234602A1B2C3D00E1F2G3 /* ContentView.swift */ = {isa = PBXFileReference; lastKnownFileType = sourcecode.swift; path = ContentView.swift; sourceTree = "<group>"; };
		BF1234622A1B2C3E00E1F2G3 /* Assets.xcassets */ = {isa = PBXFileReference; lastKnownFileType = folder.assetcatalog; path = Assets.xcassets; sourceTree = "<group>"; };
		BF1234652A1B2C3E00E1F2G3 /* Preview Assets.xcassets */ = {isa = PBXFileReference; lastKnownFileType = folder.assetcatalog; path = "Preview Assets.xcassets"; sourceTree = "<group>"; };
		BF12346F2A1B2C8F00E1F2G3 /* Models.swift */ = {isa = PBXFileReference; lastKnownFileType = sourcecode.swift; path = Models.swift; sourceTree = "<group>"; };
		BF1234712A1B2CA100E1F2G3 /* DestinationStore.swift */ = {isa = PBXFileReference; lastKnownFileType = sourcecode.swift; path = DestinationStore.swift; sourceTree = "<group>"; };
		BF1234732A1B2CB300E1F2G3 /* AddDestinationView.swift */ = {isa = PBXFileReference; lastKnownFileType = sourcecode.swift; path = AddDestinationView.swift; sourceTree = "<group>"; };
		BF1234752A1B2CC500E1F2G3 /* DestinationPickerView.swift */ = {isa = PBXFileReference; lastKnownFileType = sourcecode.swift; path = DestinationPickerView.swift; sourceTree = "<group>"; };
		BF1234772A1B2CD700E1F2G3 /* ApiKeys.swift */ = {isa = PBXFileReference; lastKnownFileType = sourcecode.swift; path = ApiKeys.swift; sourceTree = "<group>"; };
		BF1234792A1B2CE900E1F2G3 /* Info.plist */ = {isa = PBXFileReference; lastKnownFileType = text.plist.xml; path = Info.plist; sourceTree = "<group>"; };
/* End PBXFileReference section */

/* Begin PBXFrameworksBuildPhase section */
		BF1234582A1B2C3D00E1F2G3 /* Frameworks */ = {
			isa = PBXFrameworksBuildPhase;
			buildActionMask = 2147483647;
			files = (
			);
			runOnlyForDeploymentPostprocessing = 0;
		};
/* End PBXFrameworksBuildPhase section */

/* Begin PBXGroup section */
		BF1234522A1B2C3D00E1F2G3 = {
			isa = PBXGroup;
			children = (
				BF12345D2A1B2C3D00E1F2G3 /* Commuta */,
				BF12345C2A1B2C3D00E1F2G3 /* Products */,
			);
			sourceTree = "<group>";
		};
		BF12345C2A1B2C3D00E1F2G3 /* Products */ = {
			isa = PBXGroup;
			children = (
				BF12345B2A1B2C3D00E1F2G3 /* Commuta.app */,
			);
			name = Products;
			sourceTree = "<group>";
		};
		BF12345D2A1B2C3D00E1F2G3 /* Commuta */ = {
			isa = PBXGroup;
			children = (
				BF1234792A1B2CE900E1F2G3 /* Info.plist */,
				BF12345E2A1B2C3D00E1F2G3 /* CommutaApp.swift */,
				BF1234602A1B2C3D00E1F2G3 /* ContentView.swift */,
				BF12346F2A1B2C8F00E1F2G3 /* Models.swift */,
				BF1234712A1B2CA100E1F2G3 /* DestinationStore.swift */,
				BF1234732A1B2CB300E1F2G3 /* AddDestinationView.swift */,
				BF1234752A1B2CC500E1F2G3 /* DestinationPickerView.swift */,
				BF1234772A1B2CD700E1F2G3 /* ApiKeys.swift */,
				BF1234622A1B2C3E00E1F2G3 /* Assets.xcassets */,
				BF1234642A1B2C3E00E1F2G3 /* Preview Content */,
			);
			path = Commuta;
			sourceTree = "<group>";
		};
		BF1234642A1B2C3E00E1F2G3 /* Preview Content */ = {
			isa = PBXGroup;
			children = (
				BF1234652A1B2C3E00E1F2G3 /* Preview Assets.xcassets */,
			);
			path = "Preview Content";
			sourceTree = "<group>";
		};
/* End PBXGroup section */

/* Begin PBXNativeTarget section */
		BF12345A2A1B2C3D00E1F2G3 /* Commuta */ = {
			isa = PBXNativeTarget;
			buildConfigurationList = BF1234692A1B2C3E00E1F2G3 /* Build configuration list for PBXNativeTarget "Commuta" */;
			buildPhases = (
				BF1234572A1B2C3D00E1F2G3 /* Sources */,
				BF1234582A1B2C3D00E1F2G3 /* Frameworks */,
				BF1234592A1B2C3D00E1F2G3 /* Resources */,
			);
			buildRules = (
			);
			dependencies = (
			);
			name = Commuta;
			productName = Commuta;
			productReference = BF12345B2A1B2C3D00E1F2G3 /* Commuta.app */;
			productType = "com.apple.product-type.application";
		};
/* End PBXNativeTarget section */

/* Begin PBXProject section */
		BF1234532A1B2C3D00E1F2G3 /* Project object */ = {
			isa = PBXProject;
			attributes = {
				BuildIndependentTargetsInParallel = 1;
				LastSwiftUpdateCheck = 1500;
				LastUpgradeCheck = 1500;
				TargetAttributes = {
					BF12345A2A1B2C3D00E1F2G3 = {
						CreatedOnToolsVersion = 15.0;
					};
				};
			};
			buildConfigurationList = BF1234562A1B2C3D00E1F2G3 /* Build configuration list for PBXProject "Commuta" */;
			compatibilityVersion = "Xcode 14.0";
			developmentRegion = de;
			hasScannedForEncodings = 0;
			knownRegions = (
				en,
				Base,
				de,
			);
			mainGroup = BF1234522A1B2C3D00E1F2G3;
			productRefGroup = BF12345C2A1B2C3D00E1F2G3 /* Products */;
			projectDirPath = "";
			projectRoot = "";
			targets = (
				BF12345A2A1B2C3D00E1F2G3 /* Commuta */,
			);
		};
/* End PBXProject section */

/* Begin PBXResourcesBuildPhase section */
		BF1234592A1B2C3D00E1F2G3 /* Resources */ = {
			isa = PBXResourcesBuildPhase;
			buildActionMask = 2147483647;
			files = (
				BF1234662A1B2C3E00E1F2G3 /* Preview Assets.xcassets in Resources */,
				BF1234632A1B2C3E00E1F2G3 /* Assets.xcassets in Resources */,
			);
			runOnlyForDeploymentPostprocessing = 0;
		};
/* End PBXResourcesBuildPhase section */

/* Begin PBXSourcesBuildPhase section */
		BF1234572A1B2C3D00E1F2G3 /* Sources */ = {
			isa = PBXSourcesBuildPhase;
			buildActionMask = 2147483647;
			files = (
				BF1234702A1B2C8F00E1F2G3 /* Models.swift in Sources */,
				BF1234612A1B2C3D00E1F2G3 /* ContentView.swift in Sources */,
				BF1234742A1B2CB300E1F2G3 /* AddDestinationView.swift in Sources */,
				BF1234722A1B2CA100E1F2G3 /* DestinationStore.swift in Sources */,
				BF1234762A1B2CC500E1F2G3 /* DestinationPickerView.swift in Sources */,
				BF12345F2A1B2C3D00E1F2G3 /* CommutaApp.swift in Sources */,
				BF1234782A1B2CD700E1F2G3 /* ApiKeys.swift in Sources */,
			);
			runOnlyForDeploymentPostprocessing = 0;
		};
/* End PBXSourcesBuildPhase section */

/* Begin XCBuildConfiguration section */
		BF1234672A1B2C3E00E1F2G3 /* Debug */ = {
			isa = XCBuildConfiguration;
			buildSettings = {
				ALWAYS_SEARCH_USER_PATHS = NO;
				ASSETCATALOG_COMPILER_GENERATE_SWIFT_ASSET_SYMBOL_EXTENSIONS = YES;
				CLANG_ANALYZER_NONNULL = YES;
				CLANG_ANALYZER_NUMBER_OBJECT_CONVERSION = YES_AGGRESSIVE;
				CLANG_CXX_LANGUAGE_STANDARD = "gnu++20";
				CLANG_ENABLE_MODULES = YES;
				CLANG_ENABLE_OBJC_ARC = YES;
				CLANG_ENABLE_OBJC_WEAK = YES;
				CLANG_WARN_BLOCK_CAPTURE_AUTORELEASING = YES;
				CLANG_WARN_BOOL_CONVERSION = YES;
				CLANG_WARN_COMMA = YES;
				CLANG_WARN_CONSTANT_CONVERSION = YES;
				CLANG_WARN_DEPRECATED_OBJC_IMPLEMENTATIONS = YES;
				CLANG_WARN_DIRECT_OBJC_ISA_USAGE = YES_ERROR;
				CLANG_WARN_DOCUMENTATION_COMMENTS = YES;
				CLANG_WARN_EMPTY_BODY = YES;
				CLANG_WARN_ENUM_CONVERSION = YES;
				CLANG_WARN_INFINITE_RECURSION = YES;
				CLANG_WARN_INT_CONVERSION = YES;
				CLANG_WARN_NON_LITERAL_NULL_CONVERSION = YES;
				CLANG_WARN_OBJC_IMPLICIT_RETAIN_SELF = YES;
				CLANG_WARN_OBJC_LITERAL_CONVERSION = YES;
				CLANG_WARN_OBJC_ROOT_CLASS = YES_ERROR;
				CLANG_WARN_QUOTED_INCLUDE_IN_FRAMEWORK_HEADER = YES;
				CLANG_WARN_RANGE_LOOP_ANALYSIS = YES;
				CLANG_WARN_STRICT_PROTOTYPES = YES;
				CLANG_WARN_SUSPICIOUS_MOVE = YES;
				CLANG_WARN_UNGUARDED_AVAILABILITY = YES_AGGRESSIVE;
				CLANG_WARN_UNREACHABLE_CODE = YES;
				CLANG_WARN__DUPLICATE_METHOD_MATCH = YES;
				COPY_PHASE_STRIP = NO;
				DEBUG_INFORMATION_FORMAT = dwarf;
				ENABLE_STRICT_OBJC_MSGSEND = YES;
				ENABLE_TESTABILITY = YES;
				ENABLE_USER_SCRIPT_SANDBOXING = YES;
				GCC_C_LANGUAGE_STANDARD = gnu11;
				GCC_DYNAMIC_NO_PIC = NO;
				GCC_NO_COMMON_BLOCKS = YES;
				GCC_OPTIMIZATION_LEVEL = 0;
				GCC_PREPROCESSOR_DEFINITIONS = (
					"DEBUG=1",
					"$(inherited)",
				);
				GCC_WARN_64_TO_32_BIT_CONVERSION = YES;
				GCC_WARN_ABOUT_RETURN_TYPE = YES_ERROR;
				GCC_WARN_UNDECLARED_SELECTOR = YES;
				GCC_WARN_UNINITIALIZED_AUTOS = YES_AGGRESSIVE;
				GCC_WARN_UNUSED_FUNCTION = YES;
				GCC_WARN_UNUSED_VARIABLE = YES;
				IPHONEOS_DEPLOYMENT_TARGET = 17.0;
				MTL_ENABLE_DEBUG_INFO = INCLUDE_SOURCE;
				MTL_FAST_MATH = YES;
				ONLY_ACTIVE_ARCH = YES;
				SDKROOT = iphoneos;
				SWIFT_ACTIVE_COMPILATION_CONDITIONS = DEBUG;
				SWIFT_OPTIMIZATION_LEVEL = "-Onone";
			};
			name = Debug;
		};
		BF1234682A1B2C3E00E1F2G3 /* Release */ = {
			isa = XCBuildConfiguration;
			buildSettings = {
				ALWAYS_SEARCH_USER_PATHS = NO;
				ASSETCATALOG_COMPILER_GENERATE_SWIFT_ASSET_SYMBOL_EXTENSIONS = YES;
				CLANG_ANALYZER_NONNULL = YES;
				CLANG_ANALYZER_NUMBER_OBJECT_CONVERSION = YES_AGGRESSIVE;
				CLANG_CXX_LANGUAGE_STANDARD = "gnu++20";
				CLANG_ENABLE_MODULES = YES;
				CLANG_ENABLE_OBJC_ARC = YES;
				CLANG_ENABLE_OBJC_WEAK = YES;
				CLANG_WARN_BLOCK_CAPTURE_AUTORELEASING = YES;
				CLANG_WARN_BOOL_CONVERSION = YES;
				CLANG_WARN_COMMA = YES;
				CLANG_WARN_CONSTANT_CONVERSION = YES;
				CLANG_WARN_DEPRECATED_OBJC_IMPLEMENTATIONS = YES;
				CLANG_WARN_DIRECT_OBJC_ISA_USAGE = YES_ERROR;
				CLANG_WARN_DOCUMENTATION_COMMENTS = YES;
				CLANG_WARN_EMPTY_BODY = YES;
				CLANG_WARN_ENUM_CONVERSION = YES;
				CLANG_WARN_INFINITE_RECURSION = YES;
				CLANG_WARN_INT_CONVERSION = YES;
				CLANG_WARN_NON_LITERAL_NULL_CONVERSION = YES;
				CLANG_WARN_OBJC_IMPLICIT_RETAIN_SELF = YES;
				CLANG_WARN_OBJC_LITERAL_CONVERSION = YES;
				CLANG_WARN_OBJC_ROOT_CLASS = YES_ERROR;
				CLANG_WARN_QUOTED_INCLUDE_IN_FRAMEWORK_HEADER = YES;
				CLANG_WARN_RANGE_LOOP_ANALYSIS = YES;
				CLANG_WARN_STRICT_PROTOTYPES = YES;
				CLANG_WARN_SUSPICIOUS_MOVE = YES;
				CLANG_WARN_UNGUARDED_AVAILABILITY = YES_AGGRESSIVE;
				CLANG_WARN_UNREACHABLE_CODE = YES;
				CLANG_WARN__DUPLICATE_METHOD_MATCH = YES;
				COPY_PHASE_STRIP = NO;
				DEBUG_INFORMATION_FORMAT = "dwarf-with-dsym";
				ENABLE_NS_ASSERTIONS = NO;
				ENABLE_STRICT_OBJC_MSGSEND = YES;
				ENABLE_USER_SCRIPT_SANDBOXING = YES;
				GCC_C_LANGUAGE_STANDARD = gnu11;
				GCC_NO_COMMON_BLOCKS = YES;
				GCC_WARN_64_TO_32_BIT_CONVERSION = YES;
				GCC_WARN_ABOUT_RETURN_TYPE = YES_ERROR;
				GCC_WARN_UNDECLARED_SELECTOR = YES;
				GCC_WARN_UNINITIALIZED_AUTOS = YES_AGGRESSIVE;
				GCC_WARN_UNUSED_FUNCTION = YES;
				GCC_WARN_UNUSED_VARIABLE = YES;
				IPHONEOS_DEPLOYMENT_TARGET = 17.0;
				MTL_ENABLE_DEBUG_INFO = NO;
				MTL_FAST_MATH = YES;
				SDKROOT = iphoneos;
				SWIFT_COMPILATION_MODE = wholemodule;
				SWIFT_OPTIMIZATION_LEVEL = "-O";
				VALIDATE_PRODUCT = YES;
			};
			name = Release;
		};
		BF12346A2A1B2C3E00E1F2G3 /* Debug */ = {
			isa = XCBuildConfiguration;
			buildSettings = {
				ASSETCATALOG_COMPILER_APPICON_NAME = AppIcon;
				ASSETCATALOG_COMPILER_GLOBAL_ACCENT_COLOR_NAME = AccentColor;
				CODE_SIGN_STYLE = Automatic;
				CURRENT_PROJECT_VERSION = 1;
				DEVELOPMENT_ASSET_PATHS = "\"Commuta/Preview Content\"";
				DEVELOPMENT_TEAM = "";
				ENABLE_PREVIEWS = YES;
				GENERATE_INFOPLIST_FILE = YES;
				INFOPLIST_FILE = Commuta/Info.plist;
				INFOPLIST_KEY_LSApplicationCategoryType = "public.app-category.travel";
				INFOPLIST_KEY_UIApplicationSceneManifest_Generation = YES;
				INFOPLIST_KEY_UIApplicationSupportsIndirectInputEvents = YES;
				INFOPLIST_KEY_UILaunchScreen_Generation = YES;
				INFOPLIST_KEY_UISupportedInterfaceOrientations_iPad = "UIInterfaceOrientationPortrait UIInterfaceOrientationPortraitUpsideDown UIInterfaceOrientationLandscapeLeft UIInterfaceOrientationLandscapeRight";
				INFOPLIST_KEY_UISupportedInterfaceOrientations_iPhone = "UIInterfaceOrientationPortrait UIInterfaceOrientationLandscapeLeft UIInterfaceOrientationLandscapeRight";
				LD_RUNPATH_SEARCH_PATHS = (
					"$(inherited)",
					"@executable_path/Frameworks",
				);
				MARKETING_VERSION = 1.0;
				PRODUCT_BUNDLE_IDENTIFIER = com.yourname.Commuta;
				PRODUCT_NAME = "$(TARGET_NAME)";
				SWIFT_EMIT_LOC_STRINGS = YES;
				SWIFT_VERSION = 5.0;
				TARGETED_DEVICE_FAMILY = "1,2";
			};
			name = Debug;
		};
		BF12346B2A1B2C3E00E1F2G3 /* Release */ = {
			isa = XCBuildConfiguration;
			buildSettings = {
				ASSETCATALOG_COMPILER_APPICON_NAME = AppIcon;
				ASSETCATALOG_COMPILER_GLOBAL_ACCENT_COLOR_NAME = AccentColor;
				CODE_SIGN_STYLE = Automatic;
				CURRENT_PROJECT_VERSION = 1;
				DEVELOPMENT_ASSET_PATHS = "\"Commuta/Preview Content\"";
				DEVELOPMENT_TEAM = "";
				ENABLE_PREVIEWS = YES;
				GENERATE_INFOPLIST_FILE = YES;
				INFOPLIST_FILE = Commuta/Info.plist;
				INFOPLIST_KEY_LSApplicationCategoryType = "public.app-category.travel";
				INFOPLIST_KEY_UIApplicationSceneManifest_Generation = YES;
				INFOPLIST_KEY_UIApplicationSupportsIndirectInputEvents = YES;
				INFOPLIST_KEY_UILaunchScreen_Generation = YES;
				INFOPLIST_KEY_UISupportedInterfaceOrientations_iPad = "UIInterfaceOrientationPortrait UIInterfaceOrientationPortraitUpsideDown UIInterfaceOrientationLandscapeLeft UIInterfaceOrientationLandscapeRight";
				INFOPLIST_KEY_UISupportedInterfaceOrientations_iPhone = "UIInterfaceOrientationPortrait UIInterfaceOrientationLandscapeLeft UIInterfaceOrientationLandscapeRight";
				LD_RUNPATH_SEARCH_PATHS = (
					"$(inherited)",
					"@executable_path/Frameworks",
				);
				MARKETING_VERSION = 1.0;
				PRODUCT_BUNDLE_IDENTIFIER = com.yourname.Commuta;
				PRODUCT_NAME = "$(TARGET_NAME)";
				SWIFT_EMIT_LOC_STRINGS = YES;
				SWIFT_VERSION = 5.0;
				TARGETED_DEVICE_FAMILY = "1,2";
			};
			name = Release;
		};
/* End XCBuildConfiguration section */

/* Begin XCConfigurationList section */
		BF1234562A1B2C3D00E1F2G3 /* Build configuration list for PBXProject "Commuta" */ = {
			isa = XCConfigurationList;
			buildConfigurations = (
				BF1234672A1B2C3E00E1F2G3 /* Debug */,
				BF1234682A1B2C3E00E1F2G3 /* Release */,
			);
			defaultConfigurationIsVisible = 0;
			defaultConfigurationName = Release;
		};
		BF1234692A1B2C3E00E1F2G3 /* Build configuration list for PBXNativeTarget "Commuta" */ = {
			isa = XCConfigurationList;
			buildConfigurations = (
				BF12346A2A1B2C3E00E1F2G3 /* Debug */,
				BF12346B2A1B2C3E00E1F2G3 /* Release */,
			);
			defaultConfigurationIsVisible = 0;
			defaultConfigurationName = Release;
		};
/* End XCConfigurationList section */
	};
	rootObject = BF1234532A1B2C3D00E1F2G3 /* Project object */;
}
